
Microsoft Visual Studio Solution File, Format Version 12.00
# Visual Studio Version 16
VisualStudioVersion = 16.0.29006.145
MinimumVisualStudioVersion = 10.0.40219.1
Project("{2150E333-8FDC-42A3-9474-1A3956D46DE8}") = "src", "src", "{F8E4892F-C63E-418A-ADF7-BEF32B9C74F4}"
	ProjectSection(SolutionItems) = preProject
		src\common.psm1 = src\common.psm1
	EndProjectSection
EndProject
Project("{2150E333-8FDC-42A3-9474-1A3956D46DE8}") = "test", "test", "{EDF974E6-4158-488E-8A9D-79AADCF4F694}"
	ProjectSection(SolutionItems) = preProject
		xunit.runner.json = xunit.runner.json
	EndProjectSection
EndProject
Project("{2150E333-8FDC-42A3-9474-1A3956D46DE8}") = "build", "build", "{D213F94C-D350-46E8-B2EF-3F462FBA2836}"
	ProjectSection(SolutionItems) = preProject
		azure-pipelines.yml = azure-pipelines.yml
		build.cmd = build.cmd
		build.ps1 = build.ps1
		Directory.Build.props = Directory.Build.props
		Directory.Build.targets = Directory.Build.targets
		version.props = version.props
	EndProjectSection
EndProject
Project("{2150E333-8FDC-42A3-9474-1A3956D46DE8}") = "docs", "docs", "{2C5BF902-C429-4DD3-85D8-6242CBE81885}"
	ProjectSection(SolutionItems) = preProject
		README.md = README.md
	EndProjectSection
EndProject
Project("{2150E333-8FDC-42A3-9474-1A3956D46DE8}") = "ref", "ref", "{51CB74DA-6180-42D2-B8CB-7EE6A554E5DB}"
EndProject
Project("{2150E333-8FDC-42A3-9474-1A3956D46DE8}") = "Solution Items", "Solution Items", "{C393571D-82B3-4636-9AAE-3954E3FBEC81}"
	ProjectSection(SolutionItems) = preProject
		.editorconfig = .editorconfig
		.gitignore = .gitignore
		global.json = global.json
		NuGet.Config = NuGet.Config
	EndProjectSection
EndProject
Project("{9A19103F-16F7-4668-BE54-9A1E7A4F7556}") = "Cqrs.Abstractions", "src\Cqrs.Abstractions\Cqrs.Abstractions.csproj", "{E06E34D5-1031-4375-94F6-89F5ADA249EA}"
EndProject
Project("{9A19103F-16F7-4668-BE54-9A1E7A4F7556}") = "Cqrs", "src\Cqrs\Cqrs.csproj", "{9EC4C0E7-85ED-4DBE-B037-08A8901BFA08}"
EndProject
Project("{2150E333-8FDC-42A3-9474-1A3956D46DE8}") = "Cqrs", "Cqrs", "{31C50500-2DEE-4F11-9719-78B8D94D0F76}"
EndProject
Project("{2150E333-8FDC-42A3-9474-1A3956D46DE8}") = "Json", "Json", "{CA5C5C97-38D8-475B-938E-AA5C84877303}"
EndProject
Project("{9A19103F-16F7-4668-BE54-9A1E7A4F7556}") = "UnMango.Extensions.Json.Abstractions", "src\UnMango.Extensions.Json.Abstractions\UnMango.Extensions.Json.Abstractions.csproj", "{4E8E8B92-7A26-4B2D-BC86-0A5ABD70EF0D}"
EndProject
Project("{9A19103F-16F7-4668-BE54-9A1E7A4F7556}") = "UnMango.Extensions.Json.Newtonsoft", "src\UnMango.Extensions.Json.Newtonsoft\UnMango.Extensions.Json.Newtonsoft.csproj", "{0C13A303-7ADA-426B-B01E-BFFE108D09C6}"
EndProject
Project("{9A19103F-16F7-4668-BE54-9A1E7A4F7556}") = "UnMango.Extensions.Json.System.Text", "src\UnMango.Extensions.Json.System.Text\UnMango.Extensions.Json.System.Text.csproj", "{D54D14CE-85A2-4A23-B8E9-934878AB7B92}"
EndProject
Project("{2150E333-8FDC-42A3-9474-1A3956D46DE8}") = "Http", "Http", "{AF3CACA1-FDC1-4C72-A6CD-A79C3ED5B021}"
EndProject
Project("{9A19103F-16F7-4668-BE54-9A1E7A4F7556}") = "UnMango.Extensions.Http", "src\UnMango.Extensions.Http\UnMango.Extensions.Http.csproj", "{C2393C55-572E-44D6-A85A-E63B9413D8D1}"
EndProject
Global
	GlobalSection(SolutionConfigurationPlatforms) = preSolution
		Debug|Any CPU = Debug|Any CPU
		Release|Any CPU = Release|Any CPU
	EndGlobalSection
	GlobalSection(ProjectConfigurationPlatforms) = postSolution
		{E06E34D5-1031-4375-94F6-89F5ADA249EA}.Debug|Any CPU.ActiveCfg = Debug|Any CPU
		{E06E34D5-1031-4375-94F6-89F5ADA249EA}.Debug|Any CPU.Build.0 = Debug|Any CPU
		{E06E34D5-1031-4375-94F6-89F5ADA249EA}.Release|Any CPU.ActiveCfg = Release|Any CPU
		{E06E34D5-1031-4375-94F6-89F5ADA249EA}.Release|Any CPU.Build.0 = Release|Any CPU
		{9EC4C0E7-85ED-4DBE-B037-08A8901BFA08}.Debug|Any CPU.ActiveCfg = Debug|Any CPU
		{9EC4C0E7-85ED-4DBE-B037-08A8901BFA08}.Debug|Any CPU.Build.0 = Debug|Any CPU
		{9EC4C0E7-85ED-4DBE-B037-08A8901BFA08}.Release|Any CPU.ActiveCfg = Release|Any CPU
		{9EC4C0E7-85ED-4DBE-B037-08A8901BFA08}.Release|Any CPU.Build.0 = Release|Any CPU
		{4E8E8B92-7A26-4B2D-BC86-0A5ABD70EF0D}.Debug|Any CPU.ActiveCfg = Debug|Any CPU
		{4E8E8B92-7A26-4B2D-BC86-0A5ABD70EF0D}.Debug|Any CPU.Build.0 = Debug|Any CPU
		{4E8E8B92-7A26-4B2D-BC86-0A5ABD70EF0D}.Release|Any CPU.ActiveCfg = Release|Any CPU
		{4E8E8B92-7A26-4B2D-BC86-0A5ABD70EF0D}.Release|Any CPU.Build.0 = Release|Any CPU
		{0C13A303-7ADA-426B-B01E-BFFE108D09C6}.Debug|Any CPU.ActiveCfg = Debug|Any CPU
		{0C13A303-7ADA-426B-B01E-BFFE108D09C6}.Debug|Any CPU.Build.0 = Debug|Any CPU
		{0C13A303-7ADA-426B-B01E-BFFE108D09C6}.Release|Any CPU.ActiveCfg = Release|Any CPU
		{0C13A303-7ADA-426B-B01E-BFFE108D09C6}.Release|Any CPU.Build.0 = Release|Any CPU
		{D54D14CE-85A2-4A23-B8E9-934878AB7B92}.Debug|Any CPU.ActiveCfg = Debug|Any CPU
		{D54D14CE-85A2-4A23-B8E9-934878AB7B92}.Debug|Any CPU.Build.0 = Debug|Any CPU
		{D54D14CE-85A2-4A23-B8E9-934878AB7B92}.Release|Any CPU.ActiveCfg = Release|Any CPU
		{D54D14CE-85A2-4A23-B8E9-934878AB7B92}.Release|Any CPU.Build.0 = Release|Any CPU
		{C2393C55-572E-44D6-A85A-E63B9413D8D1}.Debug|Any CPU.ActiveCfg = Debug|Any CPU
		{C2393C55-572E-44D6-A85A-E63B9413D8D1}.Debug|Any CPU.Build.0 = Debug|Any CPU
		{C2393C55-572E-44D6-A85A-E63B9413D8D1}.Release|Any CPU.ActiveCfg = Release|Any CPU
		{C2393C55-572E-44D6-A85A-E63B9413D8D1}.Release|Any CPU.Build.0 = Release|Any CPU
	EndGlobalSection
	GlobalSection(SolutionProperties) = preSolution
		HideSolutionNode = FALSE
	EndGlobalSection
	GlobalSection(NestedProjects) = preSolution
		{E06E34D5-1031-4375-94F6-89F5ADA249EA} = {31C50500-2DEE-4F11-9719-78B8D94D0F76}
		{9EC4C0E7-85ED-4DBE-B037-08A8901BFA08} = {31C50500-2DEE-4F11-9719-78B8D94D0F76}
		{31C50500-2DEE-4F11-9719-78B8D94D0F76} = {F8E4892F-C63E-418A-ADF7-BEF32B9C74F4}
		{CA5C5C97-38D8-475B-938E-AA5C84877303} = {F8E4892F-C63E-418A-ADF7-BEF32B9C74F4}
		{4E8E8B92-7A26-4B2D-BC86-0A5ABD70EF0D} = {CA5C5C97-38D8-475B-938E-AA5C84877303}
		{0C13A303-7ADA-426B-B01E-BFFE108D09C6} = {CA5C5C97-38D8-475B-938E-AA5C84877303}
		{D54D14CE-85A2-4A23-B8E9-934878AB7B92} = {CA5C5C97-38D8-475B-938E-AA5C84877303}
		{AF3CACA1-FDC1-4C72-A6CD-A79C3ED5B021} = {F8E4892F-C63E-418A-ADF7-BEF32B9C74F4}
		{C2393C55-572E-44D6-A85A-E63B9413D8D1} = {AF3CACA1-FDC1-4C72-A6CD-A79C3ED5B021}
	EndGlobalSection
	GlobalSection(ExtensibilityGlobals) = postSolution
		SolutionGuid = {94F81182-81A6-4B23-BB79-926C8623A328}
	EndGlobalSection
EndGlobal
