
Microsoft Visual Studio Solution File, Format Version 12.00
# Visual Studio Version 16
VisualStudioVersion = 16.0.29006.145
MinimumVisualStudioVersion = 10.0.40219.1
Project("{2150E333-8FDC-42A3-9474-1A3956D46DE8}") = "src", "src", "{F8E4892F-C63E-418A-ADF7-BEF32B9C74F4}"
	ProjectSection(SolutionItems) = preProject
		src\common.psm1 = src\common.psm1
	EndProjectSection
EndProject
Project("{2150E333-8FDC-42A3-9474-1A3956D46DE8}") = "test", "test", "{EDF974E6-4158-488E-8A9D-79AADCF4F694}"
	ProjectSection(SolutionItems) = preProject
		xunit.runner.json = xunit.runner.json
	EndProjectSection
EndProject
Project("{2150E333-8FDC-42A3-9474-1A3956D46DE8}") = "build", "build", "{D213F94C-D350-46E8-B2EF-3F462FBA2836}"
	ProjectSection(SolutionItems) = preProject
		azure-pipelines.yml = azure-pipelines.yml
		build.cmd = build.cmd
		build.ps1 = build.ps1
		Directory.Build.props = Directory.Build.props
		Directory.Build.targets = Directory.Build.targets
		version.props = version.props
	EndProjectSection
EndProject
Project("{2150E333-8FDC-42A3-9474-1A3956D46DE8}") = "docs", "docs", "{2C5BF902-C429-4DD3-85D8-6242CBE81885}"
	ProjectSection(SolutionItems) = preProject
		README.md = README.md
	EndProjectSection
EndProject
Project("{2150E333-8FDC-42A3-9474-1A3956D46DE8}") = "ref", "ref", "{51CB74DA-6180-42D2-B8CB-7EE6A554E5DB}"
EndProject
Project("{2150E333-8FDC-42A3-9474-1A3956D46DE8}") = "Solution Items", "Solution Items", "{C393571D-82B3-4636-9AAE-3954E3FBEC81}"
	ProjectSection(SolutionItems) = preProject
		.editorconfig = .editorconfig
		.gitignore = .gitignore
		global.json = global.json
		NuGet.Config = NuGet.Config
	EndProjectSection
EndProject
Project("{9A19103F-16F7-4668-BE54-9A1E7A4F7556}") = "Cqrs.Abstractions", "src\Cqrs\Cqrs.Abstractions\Cqrs.Abstractions.csproj", "{E06E34D5-1031-4375-94F6-89F5ADA249EA}"
EndProject
Project("{9A19103F-16F7-4668-BE54-9A1E7A4F7556}") = "Cqrs", "src\Cqrs\Cqrs\Cqrs.csproj", "{9EC4C0E7-85ED-4DBE-B037-08A8901BFA08}"
EndProject
Project("{2150E333-8FDC-42A3-9474-1A3956D46DE8}") = "Cqrs", "Cqrs", "{31C50500-2DEE-4F11-9719-78B8D94D0F76}"
EndProject
Project("{2150E333-8FDC-42A3-9474-1A3956D46DE8}") = "Repository", "Repository", "{F7F7F551-81B9-43F3-9D7C-B3133ED3A8DD}"
EndProject
Project("{9A19103F-16F7-4668-BE54-9A1E7A4F7556}") = "Repository", "src\Repository\Repository\Repository.csproj", "{E74DDD6F-376F-4BE7-A916-9AFD3A55E294}"
EndProject
Project("{9A19103F-16F7-4668-BE54-9A1E7A4F7556}") = "Repository.EntityFrameworkCore", "src\Repository\Repository.EntityFrameworkCore\Repository.EntityFrameworkCore.csproj", "{9BBAFCF3-6822-45C5-B383-59B2EC613137}"
EndProject
Project("{9A19103F-16F7-4668-BE54-9A1E7A4F7556}") = "Repository.Extensions.SimpleInjector", "src\Repository\Repository.Extensions.SimpleInjector\Repository.Extensions.SimpleInjector.csproj", "{E1AF96B9-B41D-4485-8EFC-C3313EACC136}"
EndProject
Project("{9A19103F-16F7-4668-BE54-9A1E7A4F7556}") = "Repository.MongoDB", "src\Repository\Repository.MongoDB\Repository.MongoDB.csproj", "{A9C2B2EF-C733-455F-A96D-AD53BA318C2B}"
EndProject
Project("{D954291E-2A0B-460D-934E-DC6B0785DB48}") = "Utility", "src\Repository\Utility\Utility.shproj", "{2EF8138F-E41F-43AD-B543-3D5D1458E151}"
EndProject
Project("{9A19103F-16F7-4668-BE54-9A1E7A4F7556}") = "Repository.Abstractions", "src\Repository\Repository.Abstractions\Repository.Abstractions.csproj", "{E971F7C1-4F34-4952-A44B-A26075B3E748}"
EndProject
Project("{2150E333-8FDC-42A3-9474-1A3956D46DE8}") = "Repository", "Repository", "{21D55F25-A461-40CC-8C5F-A9BA8057E80C}"
EndProject
Project("{D954291E-2A0B-460D-934E-DC6B0785DB48}") = "TestShared", "test\Repository\TestShared\TestShared.shproj", "{B1430724-4F8E-4E77-8FFB-8A07D578CC06}"
EndProject
Project("{9A19103F-16F7-4668-BE54-9A1E7A4F7556}") = "EntityFrameworkCore.Test", "test\Repository\EntityFrameworkCore.Test\EntityFrameworkCore.Test.csproj", "{6EC5EED1-C36F-4292-8A5C-C3B0472A5369}"
EndProject
Project("{9A19103F-16F7-4668-BE54-9A1E7A4F7556}") = "MongoDB.Test", "test\Repository\MongoDB.Test\MongoDB.Test.csproj", "{6C35FD69-786C-43A5-B349-E89AF53D4A22}"
EndProject
Project("{9A19103F-16F7-4668-BE54-9A1E7A4F7556}") = "Test", "test\Repository\Repository.Test\Test.csproj", "{548205A5-6B02-46EF-8201-4BE949B9F832}"
EndProject
Project("{9A19103F-16F7-4668-BE54-9A1E7A4F7556}") = "Repository.CosmosDb", "src\Repository\Repository.CosmosDb\Repository.CosmosDb.csproj", "{A5F6ADDA-C5FB-4C5C-9989-663E0B1C59A3}"
EndProject
Project("{2150E333-8FDC-42A3-9474-1A3956D46DE8}") = "Specification", "Specification", "{C74F9FA8-13A3-4259-9A76-ADDF62D67934}"
EndProject
Project("{FAE04EC0-301F-11D3-BF4B-00C04F79EFBC}") = "Specification.Abstractions", "src\Specification\Specification.Abstractions\Specification.Abstractions.csproj", "{0E3D55E0-954C-4043-9783-293282BFF069}"
EndProject
Global
	GlobalSection(SharedMSBuildProjectFiles) = preSolution
		src\Repository\Utility\Utility.projitems*{2ef8138f-e41f-43ad-b543-3d5d1458e151}*SharedItemsImports = 13
		test\Repository\TestShared\TestShared.projitems*{b1430724-4f8e-4e77-8ffb-8a07d578cc06}*SharedItemsImports = 13
	EndGlobalSection
	GlobalSection(SolutionConfigurationPlatforms) = preSolution
		Debug|Any CPU = Debug|Any CPU
		Release|Any CPU = Release|Any CPU
	EndGlobalSection
	GlobalSection(ProjectConfigurationPlatforms) = postSolution
		{E06E34D5-1031-4375-94F6-89F5ADA249EA}.Debug|Any CPU.ActiveCfg = Debug|Any CPU
		{E06E34D5-1031-4375-94F6-89F5ADA249EA}.Debug|Any CPU.Build.0 = Debug|Any CPU
		{E06E34D5-1031-4375-94F6-89F5ADA249EA}.Release|Any CPU.ActiveCfg = Release|Any CPU
		{E06E34D5-1031-4375-94F6-89F5ADA249EA}.Release|Any CPU.Build.0 = Release|Any CPU
		{9EC4C0E7-85ED-4DBE-B037-08A8901BFA08}.Debug|Any CPU.ActiveCfg = Debug|Any CPU
		{9EC4C0E7-85ED-4DBE-B037-08A8901BFA08}.Debug|Any CPU.Build.0 = Debug|Any CPU
		{9EC4C0E7-85ED-4DBE-B037-08A8901BFA08}.Release|Any CPU.ActiveCfg = Release|Any CPU
		{9EC4C0E7-85ED-4DBE-B037-08A8901BFA08}.Release|Any CPU.Build.0 = Release|Any CPU
		{E74DDD6F-376F-4BE7-A916-9AFD3A55E294}.Debug|Any CPU.ActiveCfg = Debug|Any CPU
		{E74DDD6F-376F-4BE7-A916-9AFD3A55E294}.Debug|Any CPU.Build.0 = Debug|Any CPU
		{E74DDD6F-376F-4BE7-A916-9AFD3A55E294}.Release|Any CPU.ActiveCfg = Release|Any CPU
		{E74DDD6F-376F-4BE7-A916-9AFD3A55E294}.Release|Any CPU.Build.0 = Release|Any CPU
		{9BBAFCF3-6822-45C5-B383-59B2EC613137}.Debug|Any CPU.ActiveCfg = Debug|Any CPU
		{9BBAFCF3-6822-45C5-B383-59B2EC613137}.Debug|Any CPU.Build.0 = Debug|Any CPU
		{9BBAFCF3-6822-45C5-B383-59B2EC613137}.Release|Any CPU.ActiveCfg = Release|Any CPU
		{9BBAFCF3-6822-45C5-B383-59B2EC613137}.Release|Any CPU.Build.0 = Release|Any CPU
		{E1AF96B9-B41D-4485-8EFC-C3313EACC136}.Debug|Any CPU.ActiveCfg = Debug|Any CPU
		{E1AF96B9-B41D-4485-8EFC-C3313EACC136}.Debug|Any CPU.Build.0 = Debug|Any CPU
		{E1AF96B9-B41D-4485-8EFC-C3313EACC136}.Release|Any CPU.ActiveCfg = Release|Any CPU
		{E1AF96B9-B41D-4485-8EFC-C3313EACC136}.Release|Any CPU.Build.0 = Release|Any CPU
		{A9C2B2EF-C733-455F-A96D-AD53BA318C2B}.Debug|Any CPU.ActiveCfg = Debug|Any CPU
		{A9C2B2EF-C733-455F-A96D-AD53BA318C2B}.Debug|Any CPU.Build.0 = Debug|Any CPU
		{A9C2B2EF-C733-455F-A96D-AD53BA318C2B}.Release|Any CPU.ActiveCfg = Release|Any CPU
		{A9C2B2EF-C733-455F-A96D-AD53BA318C2B}.Release|Any CPU.Build.0 = Release|Any CPU
		{E971F7C1-4F34-4952-A44B-A26075B3E748}.Debug|Any CPU.ActiveCfg = Debug|Any CPU
		{E971F7C1-4F34-4952-A44B-A26075B3E748}.Debug|Any CPU.Build.0 = Debug|Any CPU
		{E971F7C1-4F34-4952-A44B-A26075B3E748}.Release|Any CPU.ActiveCfg = Release|Any CPU
		{E971F7C1-4F34-4952-A44B-A26075B3E748}.Release|Any CPU.Build.0 = Release|Any CPU
		{6EC5EED1-C36F-4292-8A5C-C3B0472A5369}.Debug|Any CPU.ActiveCfg = Debug|Any CPU
		{6EC5EED1-C36F-4292-8A5C-C3B0472A5369}.Debug|Any CPU.Build.0 = Debug|Any CPU
		{6EC5EED1-C36F-4292-8A5C-C3B0472A5369}.Release|Any CPU.ActiveCfg = Release|Any CPU
		{6EC5EED1-C36F-4292-8A5C-C3B0472A5369}.Release|Any CPU.Build.0 = Release|Any CPU
		{6C35FD69-786C-43A5-B349-E89AF53D4A22}.Debug|Any CPU.ActiveCfg = Debug|Any CPU
		{6C35FD69-786C-43A5-B349-E89AF53D4A22}.Debug|Any CPU.Build.0 = Debug|Any CPU
		{6C35FD69-786C-43A5-B349-E89AF53D4A22}.Release|Any CPU.ActiveCfg = Release|Any CPU
		{6C35FD69-786C-43A5-B349-E89AF53D4A22}.Release|Any CPU.Build.0 = Release|Any CPU
		{548205A5-6B02-46EF-8201-4BE949B9F832}.Debug|Any CPU.ActiveCfg = Debug|Any CPU
		{548205A5-6B02-46EF-8201-4BE949B9F832}.Debug|Any CPU.Build.0 = Debug|Any CPU
		{548205A5-6B02-46EF-8201-4BE949B9F832}.Release|Any CPU.ActiveCfg = Release|Any CPU
		{548205A5-6B02-46EF-8201-4BE949B9F832}.Release|Any CPU.Build.0 = Release|Any CPU
		{A5F6ADDA-C5FB-4C5C-9989-663E0B1C59A3}.Debug|Any CPU.ActiveCfg = Debug|Any CPU
		{A5F6ADDA-C5FB-4C5C-9989-663E0B1C59A3}.Debug|Any CPU.Build.0 = Debug|Any CPU
		{A5F6ADDA-C5FB-4C5C-9989-663E0B1C59A3}.Release|Any CPU.ActiveCfg = Release|Any CPU
		{A5F6ADDA-C5FB-4C5C-9989-663E0B1C59A3}.Release|Any CPU.Build.0 = Release|Any CPU
		{0E3D55E0-954C-4043-9783-293282BFF069}.Debug|Any CPU.ActiveCfg = Debug|Any CPU
		{0E3D55E0-954C-4043-9783-293282BFF069}.Debug|Any CPU.Build.0 = Debug|Any CPU
		{0E3D55E0-954C-4043-9783-293282BFF069}.Release|Any CPU.ActiveCfg = Release|Any CPU
		{0E3D55E0-954C-4043-9783-293282BFF069}.Release|Any CPU.Build.0 = Release|Any CPU
	EndGlobalSection
	GlobalSection(SolutionProperties) = preSolution
		HideSolutionNode = FALSE
	EndGlobalSection
	GlobalSection(NestedProjects) = preSolution
		{E06E34D5-1031-4375-94F6-89F5ADA249EA} = {31C50500-2DEE-4F11-9719-78B8D94D0F76}
		{9EC4C0E7-85ED-4DBE-B037-08A8901BFA08} = {31C50500-2DEE-4F11-9719-78B8D94D0F76}
		{31C50500-2DEE-4F11-9719-78B8D94D0F76} = {F8E4892F-C63E-418A-ADF7-BEF32B9C74F4}
		{F7F7F551-81B9-43F3-9D7C-B3133ED3A8DD} = {F8E4892F-C63E-418A-ADF7-BEF32B9C74F4}
		{E74DDD6F-376F-4BE7-A916-9AFD3A55E294} = {F7F7F551-81B9-43F3-9D7C-B3133ED3A8DD}
		{9BBAFCF3-6822-45C5-B383-59B2EC613137} = {F7F7F551-81B9-43F3-9D7C-B3133ED3A8DD}
		{E1AF96B9-B41D-4485-8EFC-C3313EACC136} = {F7F7F551-81B9-43F3-9D7C-B3133ED3A8DD}
		{A9C2B2EF-C733-455F-A96D-AD53BA318C2B} = {F7F7F551-81B9-43F3-9D7C-B3133ED3A8DD}
		{2EF8138F-E41F-43AD-B543-3D5D1458E151} = {F7F7F551-81B9-43F3-9D7C-B3133ED3A8DD}
		{E971F7C1-4F34-4952-A44B-A26075B3E748} = {F7F7F551-81B9-43F3-9D7C-B3133ED3A8DD}
		{21D55F25-A461-40CC-8C5F-A9BA8057E80C} = {EDF974E6-4158-488E-8A9D-79AADCF4F694}
		{B1430724-4F8E-4E77-8FFB-8A07D578CC06} = {21D55F25-A461-40CC-8C5F-A9BA8057E80C}
		{6EC5EED1-C36F-4292-8A5C-C3B0472A5369} = {21D55F25-A461-40CC-8C5F-A9BA8057E80C}
		{6C35FD69-786C-43A5-B349-E89AF53D4A22} = {21D55F25-A461-40CC-8C5F-A9BA8057E80C}
		{548205A5-6B02-46EF-8201-4BE949B9F832} = {21D55F25-A461-40CC-8C5F-A9BA8057E80C}
		{A5F6ADDA-C5FB-4C5C-9989-663E0B1C59A3} = {F7F7F551-81B9-43F3-9D7C-B3133ED3A8DD}
		{C74F9FA8-13A3-4259-9A76-ADDF62D67934} = {F8E4892F-C63E-418A-ADF7-BEF32B9C74F4}
		{0E3D55E0-954C-4043-9783-293282BFF069} = {C74F9FA8-13A3-4259-9A76-ADDF62D67934}
	EndGlobalSection
	GlobalSection(ExtensibilityGlobals) = postSolution
		SolutionGuid = {94F81182-81A6-4B23-BB79-926C8623A328}
	EndGlobalSection
EndGlobal
