
Microsoft Visual Studio Solution File, Format Version 12.00
# Visual Studio Version 16
VisualStudioVersion = 16.0.29006.145
MinimumVisualStudioVersion = 10.0.40219.1
Project("{2150E333-8FDC-42A3-9474-1A3956D46DE8}") = "src", "src", "{F8E4892F-C63E-418A-ADF7-BEF32B9C74F4}"
	ProjectSection(SolutionItems) = preProject
		src\common.psm1 = src\common.psm1
	EndProjectSection
EndProject
Project("{2150E333-8FDC-42A3-9474-1A3956D46DE8}") = "test", "test", "{EDF974E6-4158-488E-8A9D-79AADCF4F694}"
	ProjectSection(SolutionItems) = preProject
		xunit.runner.json = xunit.runner.json
	EndProjectSection
EndProject
Project("{2150E333-8FDC-42A3-9474-1A3956D46DE8}") = "build", "build", "{D213F94C-D350-46E8-B2EF-3F462FBA2836}"
	ProjectSection(SolutionItems) = preProject
		azure-pipelines.yml = azure-pipelines.yml
		build.cmd = build.cmd
		build.ps1 = build.ps1
		Directory.Build.props = Directory.Build.props
		Directory.Build.targets = Directory.Build.targets
		version.props = version.props
	EndProjectSection
EndProject
Project("{2150E333-8FDC-42A3-9474-1A3956D46DE8}") = "docs", "docs", "{2C5BF902-C429-4DD3-85D8-6242CBE81885}"
	ProjectSection(SolutionItems) = preProject
		README.md = README.md
	EndProjectSection
EndProject
Project("{2150E333-8FDC-42A3-9474-1A3956D46DE8}") = "ref", "ref", "{51CB74DA-6180-42D2-B8CB-7EE6A554E5DB}"
EndProject
Project("{2150E333-8FDC-42A3-9474-1A3956D46DE8}") = "Solution Items", "Solution Items", "{C393571D-82B3-4636-9AAE-3954E3FBEC81}"
	ProjectSection(SolutionItems) = preProject
		.editorconfig = .editorconfig
		.gitignore = .gitignore
		global.json = global.json
		NuGet.Config = NuGet.Config
	EndProjectSection
EndProject
Project("{2150E333-8FDC-42A3-9474-1A3956D46DE8}") = "templates", "templates", "{62B05196-8EA8-4E4C-AC68-B790345296F6}"
	ProjectSection(SolutionItems) = preProject
		build\templates\job.yml = build\templates\job.yml
	EndProjectSection
EndProject
Project("{9A19103F-16F7-4668-BE54-9A1E7A4F7556}") = "UnMango.Extensions.Json.Abstractions", "src\UnMango.Extensions.Json.Abstractions\UnMango.Extensions.Json.Abstractions.csproj", "{8DEB3FDA-AF0A-426B-B9F3-3120F41165A1}"
EndProject
Project("{2150E333-8FDC-42A3-9474-1A3956D46DE8}") = "Json", "Json", "{86BC945C-D721-4B1B-983A-0F6B588AC96C}"
EndProject
Project("{FAE04EC0-301F-11D3-BF4B-00C04F79EFBC}") = "UnMango.Extensions.Json.Newtonsoft", "src\UnMango.Extensions.Json.Newtonsoft\UnMango.Extensions.Json.Newtonsoft.csproj", "{A6EEEEDC-1D25-435D-84C6-1B3911C19A4E}"
EndProject
Project("{FAE04EC0-301F-11D3-BF4B-00C04F79EFBC}") = "UnMango.Extensions.Json.System.Text", "src\UnMango.Extensions.Json.System.Text\UnMango.Extensions.Json.System.Text.csproj", "{3A19D47C-2C76-4E29-99B2-15AE33B4B545}"
EndProject
Global
	GlobalSection(SolutionConfigurationPlatforms) = preSolution
		Debug|Any CPU = Debug|Any CPU
		Release|Any CPU = Release|Any CPU
	EndGlobalSection
	GlobalSection(ProjectConfigurationPlatforms) = postSolution
		{8DEB3FDA-AF0A-426B-B9F3-3120F41165A1}.Debug|Any CPU.ActiveCfg = Debug|Any CPU
		{8DEB3FDA-AF0A-426B-B9F3-3120F41165A1}.Debug|Any CPU.Build.0 = Debug|Any CPU
		{8DEB3FDA-AF0A-426B-B9F3-3120F41165A1}.Release|Any CPU.ActiveCfg = Release|Any CPU
		{8DEB3FDA-AF0A-426B-B9F3-3120F41165A1}.Release|Any CPU.Build.0 = Release|Any CPU
		{A6EEEEDC-1D25-435D-84C6-1B3911C19A4E}.Debug|Any CPU.ActiveCfg = Debug|Any CPU
		{A6EEEEDC-1D25-435D-84C6-1B3911C19A4E}.Debug|Any CPU.Build.0 = Debug|Any CPU
		{A6EEEEDC-1D25-435D-84C6-1B3911C19A4E}.Release|Any CPU.ActiveCfg = Release|Any CPU
		{A6EEEEDC-1D25-435D-84C6-1B3911C19A4E}.Release|Any CPU.Build.0 = Release|Any CPU
		{3A19D47C-2C76-4E29-99B2-15AE33B4B545}.Debug|Any CPU.ActiveCfg = Debug|Any CPU
		{3A19D47C-2C76-4E29-99B2-15AE33B4B545}.Debug|Any CPU.Build.0 = Debug|Any CPU
		{3A19D47C-2C76-4E29-99B2-15AE33B4B545}.Release|Any CPU.ActiveCfg = Release|Any CPU
		{3A19D47C-2C76-4E29-99B2-15AE33B4B545}.Release|Any CPU.Build.0 = Release|Any CPU
	EndGlobalSection
	GlobalSection(SolutionProperties) = preSolution
		HideSolutionNode = FALSE
	EndGlobalSection
	GlobalSection(NestedProjects) = preSolution
		{62B05196-8EA8-4E4C-AC68-B790345296F6} = {D213F94C-D350-46E8-B2EF-3F462FBA2836}
		{8DEB3FDA-AF0A-426B-B9F3-3120F41165A1} = {86BC945C-D721-4B1B-983A-0F6B588AC96C}
		{86BC945C-D721-4B1B-983A-0F6B588AC96C} = {F8E4892F-C63E-418A-ADF7-BEF32B9C74F4}
		{A6EEEEDC-1D25-435D-84C6-1B3911C19A4E} = {86BC945C-D721-4B1B-983A-0F6B588AC96C}
		{3A19D47C-2C76-4E29-99B2-15AE33B4B545} = {86BC945C-D721-4B1B-983A-0F6B588AC96C}
	EndGlobalSection
	GlobalSection(ExtensibilityGlobals) = postSolution
		SolutionGuid = {94F81182-81A6-4B23-BB79-926C8623A328}
	EndGlobalSection
EndGlobal
